
Microsoft Visual Studio Solution File, Format Version 12.00
# Visual Studio Version 17
VisualStudioVersion = 17.3.32825.248
MinimumVisualStudioVersion = 10.0.40219.1
Project("{FAE04EC0-301F-11D3-BF4B-00C04F79EFBC}") = "WebApplication2", "WebApplication2\WebApplication2.csproj", "{D8C452A4-899F-460A-842D-5362AD3BE946}"
EndProject
Global
	GlobalSection(SolutionConfigurationPlatforms) = preSolution
		Debug|Any CPU = Debug|Any CPU
		Release|Any CPU = Release|Any CPU
	EndGlobalSection
	GlobalSection(ProjectConfigurationPlatforms) = postSolution
		{D8C452A4-899F-460A-842D-5362AD3BE946}.Debug|Any CPU.ActiveCfg = Debug|Any CPU
		{D8C452A4-899F-460A-842D-5362AD3BE946}.Debug|Any CPU.Build.0 = Debug|Any CPU
		{D8C452A4-899F-460A-842D-5362AD3BE946}.Release|Any CPU.ActiveCfg = Release|Any CPU
		{D8C452A4-899F-460A-842D-5362AD3BE946}.Release|Any CPU.Build.0 = Release|Any CPU
	EndGlobalSection
	GlobalSection(SolutionProperties) = preSolution
		HideSolutionNode = FALSE
	EndGlobalSection
	GlobalSection(ExtensibilityGlobals) = postSolution
		SolutionGuid = {B7996CDB-381D-45FB-B2AD-F5B02410BE6E}
	EndGlobalSection
EndGlobal
