
Microsoft Visual Studio Solution File, Format Version 12.00
# Visual Studio Version 17
VisualStudioVersion = 17.4.33205.214
MinimumVisualStudioVersion = 10.0.40219.1
Project("{FAE04EC0-301F-11D3-BF4B-00C04F79EFBC}") = "BlazorPiskvorky", "BlazorPiskvorky\BlazorPiskvorky.csproj", "{8985CAE3-4E49-47F3-ABC8-C86A9DAA1476}"
EndProject
Global
	GlobalSection(SolutionConfigurationPlatforms) = preSolution
		Debug|Any CPU = Debug|Any CPU
		Release|Any CPU = Release|Any CPU
	EndGlobalSection
	GlobalSection(ProjectConfigurationPlatforms) = postSolution
		{8985CAE3-4E49-47F3-ABC8-C86A9DAA1476}.Debug|Any CPU.ActiveCfg = Debug|Any CPU
		{8985CAE3-4E49-47F3-ABC8-C86A9DAA1476}.Debug|Any CPU.Build.0 = Debug|Any CPU
		{8985CAE3-4E49-47F3-ABC8-C86A9DAA1476}.Release|Any CPU.ActiveCfg = Release|Any CPU
		{8985CAE3-4E49-47F3-ABC8-C86A9DAA1476}.Release|Any CPU.Build.0 = Release|Any CPU
	EndGlobalSection
	GlobalSection(SolutionProperties) = preSolution
		HideSolutionNode = FALSE
	EndGlobalSection
	GlobalSection(ExtensibilityGlobals) = postSolution
		SolutionGuid = {8AE95D1F-612F-4D3A-8EF9-D16EA0351AD3}
	EndGlobalSection
EndGlobal
