
Microsoft Visual Studio Solution File, Format Version 12.00
# Visual Studio Version 17
VisualStudioVersion = 17.4.33103.184
MinimumVisualStudioVersion = 10.0.40219.1
Project("{FAE04EC0-301F-11D3-BF4B-00C04F79EFBC}") = "BlazorApp1_WASM", "BlazorApp1_WASM\BlazorApp1_WASM.csproj", "{8FB543ED-4524-4D33-A927-444EB2B1EFD2}"
EndProject
Global
	GlobalSection(SolutionConfigurationPlatforms) = preSolution
		Debug|Any CPU = Debug|Any CPU
		Release|Any CPU = Release|Any CPU
	EndGlobalSection
	GlobalSection(ProjectConfigurationPlatforms) = postSolution
		{8FB543ED-4524-4D33-A927-444EB2B1EFD2}.Debug|Any CPU.ActiveCfg = Debug|Any CPU
		{8FB543ED-4524-4D33-A927-444EB2B1EFD2}.Debug|Any CPU.Build.0 = Debug|Any CPU
		{8FB543ED-4524-4D33-A927-444EB2B1EFD2}.Release|Any CPU.ActiveCfg = Release|Any CPU
		{8FB543ED-4524-4D33-A927-444EB2B1EFD2}.Release|Any CPU.Build.0 = Release|Any CPU
	EndGlobalSection
	GlobalSection(SolutionProperties) = preSolution
		HideSolutionNode = FALSE
	EndGlobalSection
	GlobalSection(ExtensibilityGlobals) = postSolution
		SolutionGuid = {FCF72190-9ADD-4351-922C-92177456E203}
	EndGlobalSection
EndGlobal
