
Microsoft Visual Studio Solution File, Format Version 12.00
# Visual Studio Version 17
VisualStudioVersion = 17.4.33122.133
MinimumVisualStudioVersion = 10.0.40219.1
Project("{FAE04EC0-301F-11D3-BF4B-00C04F79EFBC}") = "BlazorCanvas", "BlazorCanvas\BlazorCanvas.csproj", "{F77076C7-0171-4758-AAF3-E58F82D3F2A4}"
EndProject
Global
	GlobalSection(SolutionConfigurationPlatforms) = preSolution
		Debug|Any CPU = Debug|Any CPU
		Release|Any CPU = Release|Any CPU
	EndGlobalSection
	GlobalSection(ProjectConfigurationPlatforms) = postSolution
		{F77076C7-0171-4758-AAF3-E58F82D3F2A4}.Debug|Any CPU.ActiveCfg = Debug|Any CPU
		{F77076C7-0171-4758-AAF3-E58F82D3F2A4}.Debug|Any CPU.Build.0 = Debug|Any CPU
		{F77076C7-0171-4758-AAF3-E58F82D3F2A4}.Release|Any CPU.ActiveCfg = Release|Any CPU
		{F77076C7-0171-4758-AAF3-E58F82D3F2A4}.Release|Any CPU.Build.0 = Release|Any CPU
	EndGlobalSection
	GlobalSection(SolutionProperties) = preSolution
		HideSolutionNode = FALSE
	EndGlobalSection
	GlobalSection(ExtensibilityGlobals) = postSolution
		SolutionGuid = {C3385853-CBC2-4243-B2EE-C55FA661373F}
	EndGlobalSection
EndGlobal
