
Microsoft Visual Studio Solution File, Format Version 12.00
# Visual Studio Version 17
VisualStudioVersion = 17.4.33103.184
MinimumVisualStudioVersion = 10.0.40219.1
Project("{FAE04EC0-301F-11D3-BF4B-00C04F79EFBC}") = "BlazorApp3_Server", "BlazorApp3_Server\BlazorApp3_Server.csproj", "{BB719365-91E1-4615-A877-96C15345FBA0}"
EndProject
Global
	GlobalSection(SolutionConfigurationPlatforms) = preSolution
		Debug|Any CPU = Debug|Any CPU
		Release|Any CPU = Release|Any CPU
	EndGlobalSection
	GlobalSection(ProjectConfigurationPlatforms) = postSolution
		{BB719365-91E1-4615-A877-96C15345FBA0}.Debug|Any CPU.ActiveCfg = Debug|Any CPU
		{BB719365-91E1-4615-A877-96C15345FBA0}.Debug|Any CPU.Build.0 = Debug|Any CPU
		{BB719365-91E1-4615-A877-96C15345FBA0}.Release|Any CPU.ActiveCfg = Release|Any CPU
		{BB719365-91E1-4615-A877-96C15345FBA0}.Release|Any CPU.Build.0 = Release|Any CPU
	EndGlobalSection
	GlobalSection(SolutionProperties) = preSolution
		HideSolutionNode = FALSE
	EndGlobalSection
	GlobalSection(ExtensibilityGlobals) = postSolution
		SolutionGuid = {113D11BA-E737-4E7B-8106-B07A91449699}
	EndGlobalSection
EndGlobal
