
Microsoft Visual Studio Solution File, Format Version 12.00
# Visual Studio Version 17
VisualStudioVersion = 17.3.32929.385
MinimumVisualStudioVersion = 10.0.40219.1
Project("{9A19103F-16F7-4668-BE54-9A1E7A4F7556}") = "WebPocatek", "WebPocatek\WebPocatek.csproj", "{7D2E62B6-5F09-430A-96CF-7188797A6DBE}"
EndProject
Project("{FAE04EC0-301F-11D3-BF4B-00C04F79EFBC}") = "WebPocatek.Data", "WebPocatek.Data\WebPocatek.Data.csproj", "{F172EE43-EF38-4301-B44B-FFFF1FB221BE}"
EndProject
Global
	GlobalSection(SolutionConfigurationPlatforms) = preSolution
		Debug|Any CPU = Debug|Any CPU
		Release|Any CPU = Release|Any CPU
	EndGlobalSection
	GlobalSection(ProjectConfigurationPlatforms) = postSolution
		{7D2E62B6-5F09-430A-96CF-7188797A6DBE}.Debug|Any CPU.ActiveCfg = Debug|Any CPU
		{7D2E62B6-5F09-430A-96CF-7188797A6DBE}.Debug|Any CPU.Build.0 = Debug|Any CPU
		{7D2E62B6-5F09-430A-96CF-7188797A6DBE}.Release|Any CPU.ActiveCfg = Release|Any CPU
		{7D2E62B6-5F09-430A-96CF-7188797A6DBE}.Release|Any CPU.Build.0 = Release|Any CPU
		{F172EE43-EF38-4301-B44B-FFFF1FB221BE}.Debug|Any CPU.ActiveCfg = Debug|Any CPU
		{F172EE43-EF38-4301-B44B-FFFF1FB221BE}.Debug|Any CPU.Build.0 = Debug|Any CPU
		{F172EE43-EF38-4301-B44B-FFFF1FB221BE}.Release|Any CPU.ActiveCfg = Release|Any CPU
		{F172EE43-EF38-4301-B44B-FFFF1FB221BE}.Release|Any CPU.Build.0 = Release|Any CPU
	EndGlobalSection
	GlobalSection(SolutionProperties) = preSolution
		HideSolutionNode = FALSE
	EndGlobalSection
	GlobalSection(ExtensibilityGlobals) = postSolution
		SolutionGuid = {8290572B-E817-44BA-A2B6-3D9C46008B36}
	EndGlobalSection
EndGlobal
