
Microsoft Visual Studio Solution File, Format Version 12.00
# Visual Studio Version 17
VisualStudioVersion = 17.4.33110.190
MinimumVisualStudioVersion = 10.0.40219.1
Project("{FAE04EC0-301F-11D3-BF4B-00C04F79EFBC}") = "BlazorAPI.Server", "BlazorAPI\Server\BlazorAPI.Server.csproj", "{AD9F96B7-BFAE-4ABB-8268-83A3F3707C04}"
EndProject
Project("{FAE04EC0-301F-11D3-BF4B-00C04F79EFBC}") = "BlazorAPI.Client", "BlazorAPI\Client\BlazorAPI.Client.csproj", "{46D16065-6D18-475C-9991-9142012CBF0D}"
EndProject
Project("{FAE04EC0-301F-11D3-BF4B-00C04F79EFBC}") = "BlazorAPI.Shared", "BlazorAPI\Shared\BlazorAPI.Shared.csproj", "{6AE7740B-35D9-4F52-A0FB-76562399C5C8}"
EndProject
Project("{FAE04EC0-301F-11D3-BF4B-00C04F79EFBC}") = "BlazorAPI.Data", "BlazorAPI.Data\BlazorAPI.Data.csproj", "{C5D8724E-02CD-4BF6-9EA6-9624016C273F}"
EndProject
Global
	GlobalSection(SolutionConfigurationPlatforms) = preSolution
		Debug|Any CPU = Debug|Any CPU
		Release|Any CPU = Release|Any CPU
	EndGlobalSection
	GlobalSection(ProjectConfigurationPlatforms) = postSolution
		{AD9F96B7-BFAE-4ABB-8268-83A3F3707C04}.Debug|Any CPU.ActiveCfg = Debug|Any CPU
		{AD9F96B7-BFAE-4ABB-8268-83A3F3707C04}.Debug|Any CPU.Build.0 = Debug|Any CPU
		{AD9F96B7-BFAE-4ABB-8268-83A3F3707C04}.Release|Any CPU.ActiveCfg = Release|Any CPU
		{AD9F96B7-BFAE-4ABB-8268-83A3F3707C04}.Release|Any CPU.Build.0 = Release|Any CPU
		{46D16065-6D18-475C-9991-9142012CBF0D}.Debug|Any CPU.ActiveCfg = Debug|Any CPU
		{46D16065-6D18-475C-9991-9142012CBF0D}.Debug|Any CPU.Build.0 = Debug|Any CPU
		{46D16065-6D18-475C-9991-9142012CBF0D}.Release|Any CPU.ActiveCfg = Release|Any CPU
		{46D16065-6D18-475C-9991-9142012CBF0D}.Release|Any CPU.Build.0 = Release|Any CPU
		{6AE7740B-35D9-4F52-A0FB-76562399C5C8}.Debug|Any CPU.ActiveCfg = Debug|Any CPU
		{6AE7740B-35D9-4F52-A0FB-76562399C5C8}.Debug|Any CPU.Build.0 = Debug|Any CPU
		{6AE7740B-35D9-4F52-A0FB-76562399C5C8}.Release|Any CPU.ActiveCfg = Release|Any CPU
		{6AE7740B-35D9-4F52-A0FB-76562399C5C8}.Release|Any CPU.Build.0 = Release|Any CPU
		{C5D8724E-02CD-4BF6-9EA6-9624016C273F}.Debug|Any CPU.ActiveCfg = Debug|Any CPU
		{C5D8724E-02CD-4BF6-9EA6-9624016C273F}.Debug|Any CPU.Build.0 = Debug|Any CPU
		{C5D8724E-02CD-4BF6-9EA6-9624016C273F}.Release|Any CPU.ActiveCfg = Release|Any CPU
		{C5D8724E-02CD-4BF6-9EA6-9624016C273F}.Release|Any CPU.Build.0 = Release|Any CPU
	EndGlobalSection
	GlobalSection(SolutionProperties) = preSolution
		HideSolutionNode = FALSE
	EndGlobalSection
	GlobalSection(ExtensibilityGlobals) = postSolution
		SolutionGuid = {A6B8B7DA-8A5A-4E4F-9A22-B4D86A647FBA}
	EndGlobalSection
EndGlobal
