
Microsoft Visual Studio Solution File, Format Version 12.00
# Visual Studio Version 17
VisualStudioVersion = 17.4.33213.308
MinimumVisualStudioVersion = 10.0.40219.1
Project("{FAE04EC0-301F-11D3-BF4B-00C04F79EFBC}") = "BlazorServerCanvas", "BlazorServerCanvas\BlazorServerCanvas.csproj", "{A5BBC49F-1D66-4EA5-883E-0504B9DA7DF6}"
EndProject
Global
	GlobalSection(SolutionConfigurationPlatforms) = preSolution
		Debug|Any CPU = Debug|Any CPU
		Release|Any CPU = Release|Any CPU
	EndGlobalSection
	GlobalSection(ProjectConfigurationPlatforms) = postSolution
		{A5BBC49F-1D66-4EA5-883E-0504B9DA7DF6}.Debug|Any CPU.ActiveCfg = Debug|Any CPU
		{A5BBC49F-1D66-4EA5-883E-0504B9DA7DF6}.Debug|Any CPU.Build.0 = Debug|Any CPU
		{A5BBC49F-1D66-4EA5-883E-0504B9DA7DF6}.Release|Any CPU.ActiveCfg = Release|Any CPU
		{A5BBC49F-1D66-4EA5-883E-0504B9DA7DF6}.Release|Any CPU.Build.0 = Release|Any CPU
	EndGlobalSection
	GlobalSection(SolutionProperties) = preSolution
		HideSolutionNode = FALSE
	EndGlobalSection
	GlobalSection(ExtensibilityGlobals) = postSolution
		SolutionGuid = {C260D911-FD1C-4F6A-8CD2-8E3ABAE94C4C}
	EndGlobalSection
EndGlobal
